// !$*UTF8*$!
{
	archiveVersion = 1;
	classes = {
	};
	objectVersion = 56;
	objects = {

/* Begin PBXBuildFile section */
		E999506E2A790A590081AF8B /* AppDelegate.swift in Sources */ = {isa = PBXBuildFile; fileRef = E999506D2A790A590081AF8B /* AppDelegate.swift */; };
		E99950702A790A590081AF8B /* SceneDelegate.swift in Sources */ = {isa = PBXBuildFile; fileRef = E999506F2A790A590081AF8B /* SceneDelegate.swift */; };
		E99950722A790A590081AF8B /* FirstViewController.swift in Sources */ = {isa = PBXBuildFile; fileRef = E99950712A790A590081AF8B /* FirstViewController.swift */; };
		E99950752A790A590081AF8B /* Main.storyboard in Resources */ = {isa = PBXBuildFile; fileRef = E99950732A790A590081AF8B /* Main.storyboard */; };
		E99950782A790A590081AF8B /* AnimationsProjectHW.xcdatamodeld in Sources */ = {isa = PBXBuildFile; fileRef = E99950762A790A590081AF8B /* AnimationsProjectHW.xcdatamodeld */; };
		E999507A2A790A5A0081AF8B /* Assets.xcassets in Resources */ = {isa = PBXBuildFile; fileRef = E99950792A790A5A0081AF8B /* Assets.xcassets */; };
		E999507D2A790A5A0081AF8B /* LaunchScreen.storyboard in Resources */ = {isa = PBXBuildFile; fileRef = E999507B2A790A5A0081AF8B /* LaunchScreen.storyboard */; };
		E99950862A790C9F0081AF8B /* SpringAnimation in Frameworks */ = {isa = PBXBuildFile; productRef = E99950852A790C9F0081AF8B /* SpringAnimation */; };
		E99950882A791CDC0081AF8B /* AnimationsList.swift in Sources */ = {isa = PBXBuildFile; fileRef = E99950872A791CDC0081AF8B /* AnimationsList.swift */; };
		E999508A2A7921270081AF8B /* ModelSettings.swift in Sources */ = {isa = PBXBuildFile; fileRef = E99950892A7921270081AF8B /* ModelSettings.swift */; };
/* End PBXBuildFile section */

/* Begin PBXFileReference section */
		E999506A2A790A590081AF8B /* AnimationsProjectHW.app */ = {isa = PBXFileReference; explicitFileType = wrapper.application; includeInIndex = 0; path = AnimationsProjectHW.app; sourceTree = BUILT_PRODUCTS_DIR; };
		E999506D2A790A590081AF8B /* AppDelegate.swift */ = {isa = PBXFileReference; lastKnownFileType = sourcecode.swift; path = AppDelegate.swift; sourceTree = "<group>"; };
		E999506F2A790A590081AF8B /* SceneDelegate.swift */ = {isa = PBXFileReference; lastKnownFileType = sourcecode.swift; path = SceneDelegate.swift; sourceTree = "<group>"; };
		E99950712A790A590081AF8B /* FirstViewController.swift */ = {isa = PBXFileReference; lastKnownFileType = sourcecode.swift; path = FirstViewController.swift; sourceTree = "<group>"; };
		E99950742A790A590081AF8B /* Base */ = {isa = PBXFileReference; lastKnownFileType = file.storyboard; name = Base; path = Base.lproj/Main.storyboard; sourceTree = "<group>"; };
		E99950772A790A590081AF8B /* AnimationsProjectHW.xcdatamodel */ = {isa = PBXFileReference; lastKnownFileType = wrapper.xcdatamodel; path = AnimationsProjectHW.xcdatamodel; sourceTree = "<group>"; };
		E99950792A790A5A0081AF8B /* Assets.xcassets */ = {isa = PBXFileReference; lastKnownFileType = folder.assetcatalog; path = Assets.xcassets; sourceTree = "<group>"; };
		E999507C2A790A5A0081AF8B /* Base */ = {isa = PBXFileReference; lastKnownFileType = file.storyboard; name = Base; path = Base.lproj/LaunchScreen.storyboard; sourceTree = "<group>"; };
		E999507E2A790A5A0081AF8B /* Info.plist */ = {isa = PBXFileReference; lastKnownFileType = text.plist.xml; path = Info.plist; sourceTree = "<group>"; };
		E99950872A791CDC0081AF8B /* AnimationsList.swift */ = {isa = PBXFileReference; lastKnownFileType = sourcecode.swift; path = AnimationsList.swift; sourceTree = "<group>"; };
		E99950892A7921270081AF8B /* ModelSettings.swift */ = {isa = PBXFileReference; lastKnownFileType = sourcecode.swift; path = ModelSettings.swift; sourceTree = "<group>"; };
/* End PBXFileReference section */

/* Begin PBXFrameworksBuildPhase section */
		E99950672A790A590081AF8B /* Frameworks */ = {
			isa = PBXFrameworksBuildPhase;
			buildActionMask = 2147483647;
			files = (
				E99950862A790C9F0081AF8B /* SpringAnimation in Frameworks */,
			);
			runOnlyForDeploymentPostprocessing = 0;
		};
/* End PBXFrameworksBuildPhase section */

/* Begin PBXGroup section */
		E99950612A790A590081AF8B = {
			isa = PBXGroup;
			children = (
				E999506C2A790A590081AF8B /* AnimationsProjectHW */,
				E999506B2A790A590081AF8B /* Products */,
			);
			sourceTree = "<group>";
		};
		E999506B2A790A590081AF8B /* Products */ = {
			isa = PBXGroup;
			children = (
				E999506A2A790A590081AF8B /* AnimationsProjectHW.app */,
			);
			name = Products;
			sourceTree = "<group>";
		};
		E999506C2A790A590081AF8B /* AnimationsProjectHW */ = {
			isa = PBXGroup;
			children = (
				E999508F2A7921B50081AF8B /* ViewControllers */,
				E999508B2A7921340081AF8B /* Model */,
				E999508E2A7921A10081AF8B /* ViewLifeCycle */,
				E999508C2A79216E0081AF8B /* StoryBoard */,
				E999508D2A7921820081AF8B /* ProjectSettings */,
			);
			path = AnimationsProjectHW;
			sourceTree = "<group>";
		};
		E999508B2A7921340081AF8B /* Model */ = {
			isa = PBXGroup;
			children = (
				E99950872A791CDC0081AF8B /* AnimationsList.swift */,
				E99950892A7921270081AF8B /* ModelSettings.swift */,
				E99950792A790A5A0081AF8B /* Assets.xcassets */,
			);
			path = Model;
			sourceTree = "<group>";
		};
		E999508C2A79216E0081AF8B /* StoryBoard */ = {
			isa = PBXGroup;
			children = (
				E99950732A790A590081AF8B /* Main.storyboard */,
				E999507B2A790A5A0081AF8B /* LaunchScreen.storyboard */,
			);
			path = StoryBoard;
			sourceTree = "<group>";
		};
		E999508D2A7921820081AF8B /* ProjectSettings */ = {
			isa = PBXGroup;
			children = (
				E999507E2A790A5A0081AF8B /* Info.plist */,
				E99950762A790A590081AF8B /* AnimationsProjectHW.xcdatamodeld */,
			);
			path = ProjectSettings;
			sourceTree = "<group>";
		};
		E999508E2A7921A10081AF8B /* ViewLifeCycle */ = {
			isa = PBXGroup;
			children = (
				E999506D2A790A590081AF8B /* AppDelegate.swift */,
				E999506F2A790A590081AF8B /* SceneDelegate.swift */,
			);
			path = ViewLifeCycle;
			sourceTree = "<group>";
		};
		E999508F2A7921B50081AF8B /* ViewControllers */ = {
			isa = PBXGroup;
			children = (
				E99950712A790A590081AF8B /* FirstViewController.swift */,
			);
			path = ViewControllers;
			sourceTree = "<group>";
		};
/* End PBXGroup section */

/* Begin PBXNativeTarget section */
		E99950692A790A590081AF8B /* AnimationsProjectHW */ = {
			isa = PBXNativeTarget;
			buildConfigurationList = E99950812A790A5A0081AF8B /* Build configuration list for PBXNativeTarget "AnimationsProjectHW" */;
			buildPhases = (
				E99950662A790A590081AF8B /* Sources */,
				E99950672A790A590081AF8B /* Frameworks */,
				E99950682A790A590081AF8B /* Resources */,
			);
			buildRules = (
			);
			dependencies = (
			);
			name = AnimationsProjectHW;
			packageProductDependencies = (
				E99950852A790C9F0081AF8B /* SpringAnimation */,
			);
			productName = AnimationsProjectHW;
			productReference = E999506A2A790A590081AF8B /* AnimationsProjectHW.app */;
			productType = "com.apple.product-type.application";
		};
/* End PBXNativeTarget section */

/* Begin PBXProject section */
		E99950622A790A590081AF8B /* Project object */ = {
			isa = PBXProject;
			attributes = {
				BuildIndependentTargetsInParallel = 1;
				LastSwiftUpdateCheck = 1430;
				LastUpgradeCheck = 1430;
				TargetAttributes = {
					E99950692A790A590081AF8B = {
						CreatedOnToolsVersion = 14.3;
					};
				};
			};
			buildConfigurationList = E99950652A790A590081AF8B /* Build configuration list for PBXProject "AnimationsProjectHW" */;
			compatibilityVersion = "Xcode 14.0";
			developmentRegion = en;
			hasScannedForEncodings = 0;
			knownRegions = (
				en,
				Base,
			);
			mainGroup = E99950612A790A590081AF8B;
			packageReferences = (
				E99950842A790C9F0081AF8B /* XCRemoteSwiftPackageReference "SpringAnimation" */,
			);
			productRefGroup = E999506B2A790A590081AF8B /* Products */;
			projectDirPath = "";
			projectRoot = "";
			targets = (
				E99950692A790A590081AF8B /* AnimationsProjectHW */,
			);
		};
/* End PBXProject section */

/* Begin PBXResourcesBuildPhase section */
		E99950682A790A590081AF8B /* Resources */ = {
			isa = PBXResourcesBuildPhase;
			buildActionMask = 2147483647;
			files = (
				E999507D2A790A5A0081AF8B /* LaunchScreen.storyboard in Resources */,
				E999507A2A790A5A0081AF8B /* Assets.xcassets in Resources */,
				E99950752A790A590081AF8B /* Main.storyboard in Resources */,
			);
			runOnlyForDeploymentPostprocessing = 0;
		};
/* End PBXResourcesBuildPhase section */

/* Begin PBXSourcesBuildPhase section */
		E99950662A790A590081AF8B /* Sources */ = {
			isa = PBXSourcesBuildPhase;
			buildActionMask = 2147483647;
			files = (
				E99950722A790A590081AF8B /* FirstViewController.swift in Sources */,
				E999506E2A790A590081AF8B /* AppDelegate.swift in Sources */,
				E99950882A791CDC0081AF8B /* AnimationsList.swift in Sources */,
				E99950782A790A590081AF8B /* AnimationsProjectHW.xcdatamodeld in Sources */,
				E999508A2A7921270081AF8B /* ModelSettings.swift in Sources */,
				E99950702A790A590081AF8B /* SceneDelegate.swift in Sources */,
			);
			runOnlyForDeploymentPostprocessing = 0;
		};
/* End PBXSourcesBuildPhase section */

/* Begin PBXVariantGroup section */
		E99950732A790A590081AF8B /* Main.storyboard */ = {
			isa = PBXVariantGroup;
			children = (
				E99950742A790A590081AF8B /* Base */,
			);
			name = Main.storyboard;
			sourceTree = "<group>";
		};
		E999507B2A790A5A0081AF8B /* LaunchScreen.storyboard */ = {
			isa = PBXVariantGroup;
			children = (
				E999507C2A790A5A0081AF8B /* Base */,
			);
			name = LaunchScreen.storyboard;
			sourceTree = "<group>";
		};
/* End PBXVariantGroup section */

/* Begin XCBuildConfiguration section */
		E999507F2A790A5A0081AF8B /* Debug */ = {
			isa = XCBuildConfiguration;
			buildSettings = {
				ALWAYS_SEARCH_USER_PATHS = NO;
				CLANG_ANALYZER_NONNULL = YES;
				CLANG_ANALYZER_NUMBER_OBJECT_CONVERSION = YES_AGGRESSIVE;
				CLANG_CXX_LANGUAGE_STANDARD = "gnu++20";
				CLANG_ENABLE_MODULES = YES;
				CLANG_ENABLE_OBJC_ARC = YES;
				CLANG_ENABLE_OBJC_WEAK = YES;
				CLANG_WARN_BLOCK_CAPTURE_AUTORELEASING = YES;
				CLANG_WARN_BOOL_CONVERSION = YES;
				CLANG_WARN_COMMA = YES;
				CLANG_WARN_CONSTANT_CONVERSION = YES;
				CLANG_WARN_DEPRECATED_OBJC_IMPLEMENTATIONS = YES;
				CLANG_WARN_DIRECT_OBJC_ISA_USAGE = YES_ERROR;
				CLANG_WARN_DOCUMENTATION_COMMENTS = YES;
				CLANG_WARN_EMPTY_BODY = YES;
				CLANG_WARN_ENUM_CONVERSION = YES;
				CLANG_WARN_INFINITE_RECURSION = YES;
				CLANG_WARN_INT_CONVERSION = YES;
				CLANG_WARN_NON_LITERAL_NULL_CONVERSION = YES;
				CLANG_WARN_OBJC_IMPLICIT_RETAIN_SELF = YES;
				CLANG_WARN_OBJC_LITERAL_CONVERSION = YES;
				CLANG_WARN_OBJC_ROOT_CLASS = YES_ERROR;
				CLANG_WARN_QUOTED_INCLUDE_IN_FRAMEWORK_HEADER = YES;
				CLANG_WARN_RANGE_LOOP_ANALYSIS = YES;
				CLANG_WARN_STRICT_PROTOTYPES = YES;
				CLANG_WARN_SUSPICIOUS_MOVE = YES;
				CLANG_WARN_UNGUARDED_AVAILABILITY = YES_AGGRESSIVE;
				CLANG_WARN_UNREACHABLE_CODE = YES;
				CLANG_WARN__DUPLICATE_METHOD_MATCH = YES;
				COPY_PHASE_STRIP = NO;
				DEBUG_INFORMATION_FORMAT = dwarf;
				ENABLE_STRICT_OBJC_MSGSEND = YES;
				ENABLE_TESTABILITY = YES;
				GCC_C_LANGUAGE_STANDARD = gnu11;
				GCC_DYNAMIC_NO_PIC = NO;
				GCC_NO_COMMON_BLOCKS = YES;
				GCC_OPTIMIZATION_LEVEL = 0;
				GCC_PREPROCESSOR_DEFINITIONS = (
					"DEBUG=1",
					"$(inherited)",
				);
				GCC_WARN_64_TO_32_BIT_CONVERSION = YES;
				GCC_WARN_ABOUT_RETURN_TYPE = YES_ERROR;
				GCC_WARN_UNDECLARED_SELECTOR = YES;
				GCC_WARN_UNINITIALIZED_AUTOS = YES_AGGRESSIVE;
				GCC_WARN_UNUSED_FUNCTION = YES;
				GCC_WARN_UNUSED_VARIABLE = YES;
				IPHONEOS_DEPLOYMENT_TARGET = 16.4;
				MTL_ENABLE_DEBUG_INFO = INCLUDE_SOURCE;
				MTL_FAST_MATH = YES;
				ONLY_ACTIVE_ARCH = YES;
				SDKROOT = iphoneos;
				SWIFT_ACTIVE_COMPILATION_CONDITIONS = DEBUG;
				SWIFT_OPTIMIZATION_LEVEL = "-Onone";
			};
			name = Debug;
		};
		E99950802A790A5A0081AF8B /* Release */ = {
			isa = XCBuildConfiguration;
			buildSettings = {
				ALWAYS_SEARCH_USER_PATHS = NO;
				CLANG_ANALYZER_NONNULL = YES;
				CLANG_ANALYZER_NUMBER_OBJECT_CONVERSION = YES_AGGRESSIVE;
				CLANG_CXX_LANGUAGE_STANDARD = "gnu++20";
				CLANG_ENABLE_MODULES = YES;
				CLANG_ENABLE_OBJC_ARC = YES;
				CLANG_ENABLE_OBJC_WEAK = YES;
				CLANG_WARN_BLOCK_CAPTURE_AUTORELEASING = YES;
				CLANG_WARN_BOOL_CONVERSION = YES;
				CLANG_WARN_COMMA = YES;
				CLANG_WARN_CONSTANT_CONVERSION = YES;
				CLANG_WARN_DEPRECATED_OBJC_IMPLEMENTATIONS = YES;
				CLANG_WARN_DIRECT_OBJC_ISA_USAGE = YES_ERROR;
				CLANG_WARN_DOCUMENTATION_COMMENTS = YES;
				CLANG_WARN_EMPTY_BODY = YES;
				CLANG_WARN_ENUM_CONVERSION = YES;
				CLANG_WARN_INFINITE_RECURSION = YES;
				CLANG_WARN_INT_CONVERSION = YES;
				CLANG_WARN_NON_LITERAL_NULL_CONVERSION = YES;
				CLANG_WARN_OBJC_IMPLICIT_RETAIN_SELF = YES;
				CLANG_WARN_OBJC_LITERAL_CONVERSION = YES;
				CLANG_WARN_OBJC_ROOT_CLASS = YES_ERROR;
				CLANG_WARN_QUOTED_INCLUDE_IN_FRAMEWORK_HEADER = YES;
				CLANG_WARN_RANGE_LOOP_ANALYSIS = YES;
				CLANG_WARN_STRICT_PROTOTYPES = YES;
				CLANG_WARN_SUSPICIOUS_MOVE = YES;
				CLANG_WARN_UNGUARDED_AVAILABILITY = YES_AGGRESSIVE;
				CLANG_WARN_UNREACHABLE_CODE = YES;
				CLANG_WARN__DUPLICATE_METHOD_MATCH = YES;
				COPY_PHASE_STRIP = NO;
				DEBUG_INFORMATION_FORMAT = "dwarf-with-dsym";
				ENABLE_NS_ASSERTIONS = NO;
				ENABLE_STRICT_OBJC_MSGSEND = YES;
				GCC_C_LANGUAGE_STANDARD = gnu11;
				GCC_NO_COMMON_BLOCKS = YES;
				GCC_WARN_64_TO_32_BIT_CONVERSION = YES;
				GCC_WARN_ABOUT_RETURN_TYPE = YES_ERROR;
				GCC_WARN_UNDECLARED_SELECTOR = YES;
				GCC_WARN_UNINITIALIZED_AUTOS = YES_AGGRESSIVE;
				GCC_WARN_UNUSED_FUNCTION = YES;
				GCC_WARN_UNUSED_VARIABLE = YES;
				IPHONEOS_DEPLOYMENT_TARGET = 16.4;
				MTL_ENABLE_DEBUG_INFO = NO;
				MTL_FAST_MATH = YES;
				SDKROOT = iphoneos;
				SWIFT_COMPILATION_MODE = wholemodule;
				SWIFT_OPTIMIZATION_LEVEL = "-O";
				VALIDATE_PRODUCT = YES;
			};
			name = Release;
		};
		E99950822A790A5A0081AF8B /* Debug */ = {
			isa = XCBuildConfiguration;
			buildSettings = {
				ASSETCATALOG_COMPILER_APPICON_NAME = AppIcon;
				ASSETCATALOG_COMPILER_GLOBAL_ACCENT_COLOR_NAME = AccentColor;
				CODE_SIGN_STYLE = Automatic;
				CURRENT_PROJECT_VERSION = 1;
				DEVELOPMENT_TEAM = Z4JT48W22P;
				GENERATE_INFOPLIST_FILE = YES;
				INFOPLIST_FILE = AnimationsProjectHW/ProjectSettings/Info.plist;
				INFOPLIST_KEY_UIApplicationSupportsIndirectInputEvents = YES;
				INFOPLIST_KEY_UILaunchStoryboardName = LaunchScreen;
				INFOPLIST_KEY_UIMainStoryboardFile = Main;
				INFOPLIST_KEY_UISupportedInterfaceOrientations = UIInterfaceOrientationPortrait;
				INFOPLIST_KEY_UISupportedInterfaceOrientations_iPad = "UIInterfaceOrientationLandscapeLeft UIInterfaceOrientationLandscapeRight UIInterfaceOrientationPortrait UIInterfaceOrientationPortraitUpsideDown";
				IPHONEOS_DEPLOYMENT_TARGET = 15.0;
				LD_RUNPATH_SEARCH_PATHS = (
					"$(inherited)",
					"@executable_path/Frameworks",
				);
				MARKETING_VERSION = 1.0;
				PRODUCT_BUNDLE_IDENTIFIER = TheGoodTheBadTheJun.AnimationsProjectHW;
				PRODUCT_NAME = "$(TARGET_NAME)";
				SUPPORTED_PLATFORMS = "iphoneos iphonesimulator";
				SUPPORTS_MACCATALYST = NO;
				SUPPORTS_MAC_DESIGNED_FOR_IPHONE_IPAD = NO;
				SWIFT_EMIT_LOC_STRINGS = YES;
				SWIFT_VERSION = 5.0;
				TARGETED_DEVICE_FAMILY = 1;
			};
			name = Debug;
		};
		E99950832A790A5A0081AF8B /* Release */ = {
			isa = XCBuildConfiguration;
			buildSettings = {
				ASSETCATALOG_COMPILER_APPICON_NAME = AppIcon;
				ASSETCATALOG_COMPILER_GLOBAL_ACCENT_COLOR_NAME = AccentColor;
				CODE_SIGN_STYLE = Automatic;
				CURRENT_PROJECT_VERSION = 1;
				DEVELOPMENT_TEAM = Z4JT48W22P;
				GENERATE_INFOPLIST_FILE = YES;
				INFOPLIST_FILE = AnimationsProjectHW/ProjectSettings/Info.plist;
				INFOPLIST_KEY_UIApplicationSupportsIndirectInputEvents = YES;
				INFOPLIST_KEY_UILaunchStoryboardName = LaunchScreen;
				INFOPLIST_KEY_UIMainStoryboardFile = Main;
				INFOPLIST_KEY_UISupportedInterfaceOrientations = UIInterfaceOrientationPortrait;
				INFOPLIST_KEY_UISupportedInterfaceOrientations_iPad = "UIInterfaceOrientationLandscapeLeft UIInterfaceOrientationLandscapeRight UIInterfaceOrientationPortrait UIInterfaceOrientationPortraitUpsideDown";
				IPHONEOS_DEPLOYMENT_TARGET = 15.0;
				LD_RUNPATH_SEARCH_PATHS = (
					"$(inherited)",
					"@executable_path/Frameworks",
				);
				MARKETING_VERSION = 1.0;
				PRODUCT_BUNDLE_IDENTIFIER = TheGoodTheBadTheJun.AnimationsProjectHW;
				PRODUCT_NAME = "$(TARGET_NAME)";
				SUPPORTED_PLATFORMS = "iphoneos iphonesimulator";
				SUPPORTS_MACCATALYST = NO;
				SUPPORTS_MAC_DESIGNED_FOR_IPHONE_IPAD = NO;
				SWIFT_EMIT_LOC_STRINGS = YES;
				SWIFT_VERSION = 5.0;
				TARGETED_DEVICE_FAMILY = 1;
			};
			name = Release;
		};
/* End XCBuildConfiguration section */

/* Begin XCConfigurationList section */
		E99950652A790A590081AF8B /* Build configuration list for PBXProject "AnimationsProjectHW" */ = {
			isa = XCConfigurationList;
			buildConfigurations = (
				E999507F2A790A5A0081AF8B /* Debug */,
				E99950802A790A5A0081AF8B /* Release */,
			);
			defaultConfigurationIsVisible = 0;
			defaultConfigurationName = Release;
		};
		E99950812A790A5A0081AF8B /* Build configuration list for PBXNativeTarget "AnimationsProjectHW" */ = {
			isa = XCConfigurationList;
			buildConfigurations = (
				E99950822A790A5A0081AF8B /* Debug */,
				E99950832A790A5A0081AF8B /* Release */,
			);
			defaultConfigurationIsVisible = 0;
			defaultConfigurationName = Release;
		};
/* End XCConfigurationList section */

/* Begin XCRemoteSwiftPackageReference section */
		E99950842A790C9F0081AF8B /* XCRemoteSwiftPackageReference "SpringAnimation" */ = {
			isa = XCRemoteSwiftPackageReference;
			repositoryURL = "https://github.com/LexDeBash/SpringAnimation";
			requirement = {
				kind = upToNextMajorVersion;
				minimumVersion = 0.3.0;
			};
		};
/* End XCRemoteSwiftPackageReference section */

/* Begin XCSwiftPackageProductDependency section */
		E99950852A790C9F0081AF8B /* SpringAnimation */ = {
			isa = XCSwiftPackageProductDependency;
			package = E99950842A790C9F0081AF8B /* XCRemoteSwiftPackageReference "SpringAnimation" */;
			productName = SpringAnimation;
		};
/* End XCSwiftPackageProductDependency section */

/* Begin XCVersionGroup section */
		E99950762A790A590081AF8B /* AnimationsProjectHW.xcdatamodeld */ = {
			isa = XCVersionGroup;
			children = (
				E99950772A790A590081AF8B /* AnimationsProjectHW.xcdatamodel */,
			);
			currentVersion = E99950772A790A590081AF8B /* AnimationsProjectHW.xcdatamodel */;
			path = AnimationsProjectHW.xcdatamodeld;
			sourceTree = "<group>";
			versionGroupType = wrapper.xcdatamodel;
		};
/* End XCVersionGroup section */
	};
	rootObject = E99950622A790A590081AF8B /* Project object */;
}
